// !$*UTF8*$!
{
	archiveVersion = 1;
	classes = {
	};
	objectVersion = 46;
	objects = {

/* Begin PBXBuildFile section */
		C0E31FEE1AC5A3340046EDA0 /* AppDelegate.swift in Sources */ = {isa = PBXBuildFile; fileRef = C0E31FED1AC5A3340046EDA0 /* AppDelegate.swift */; };
		C0E31FF01AC5A3340046EDA0 /* Images.xcassets in Resources */ = {isa = PBXBuildFile; fileRef = C0E31FEF1AC5A3340046EDA0 /* Images.xcassets */; };
		C0E31FF31AC5A3340046EDA0 /* MainMenu.xib in Resources */ = {isa = PBXBuildFile; fileRef = C0E31FF11AC5A3340046EDA0 /* MainMenu.xib */; };
		C0E31FFF1AC5A3340046EDA0 /* simulator_installerTests.swift in Sources */ = {isa = PBXBuildFile; fileRef = C0E31FFE1AC5A3340046EDA0 /* simulator_installerTests.swift */; };
/* End PBXBuildFile section */

/* Begin PBXContainerItemProxy section */
		C0E31FF91AC5A3340046EDA0 /* PBXContainerItemProxy */ = {
			isa = PBXContainerItemProxy;
			containerPortal = C0E31FE01AC5A3340046EDA0 /* Project object */;
			proxyType = 1;
			remoteGlobalIDString = C0E31FE71AC5A3340046EDA0;
			remoteInfo = "simulator-installer";
		};
/* End PBXContainerItemProxy section */

/* Begin PBXFileReference section */
		C0E31FE81AC5A3340046EDA0 /* simulator-installer.app */ = {isa = PBXFileReference; explicitFileType = wrapper.application; includeInIndex = 0; path = "simulator-installer.app"; sourceTree = BUILT_PRODUCTS_DIR; };
		C0E31FEC1AC5A3340046EDA0 /* Info.plist */ = {isa = PBXFileReference; lastKnownFileType = text.plist.xml; path = Info.plist; sourceTree = "<group>"; };
		C0E31FED1AC5A3340046EDA0 /* AppDelegate.swift */ = {isa = PBXFileReference; lastKnownFileType = sourcecode.swift; path = AppDelegate.swift; sourceTree = "<group>"; };
		C0E31FEF1AC5A3340046EDA0 /* Images.xcassets */ = {isa = PBXFileReference; lastKnownFileType = folder.assetcatalog; path = Images.xcassets; sourceTree = "<group>"; };
		C0E31FF21AC5A3340046EDA0 /* Base */ = {isa = PBXFileReference; lastKnownFileType = file.xib; name = Base; path = Base.lproj/MainMenu.xib; sourceTree = "<group>"; };
		C0E31FF81AC5A3340046EDA0 /* simulator-installerTests.xctest */ = {isa = PBXFileReference; explicitFileType = wrapper.cfbundle; includeInIndex = 0; path = "simulator-installerTests.xctest"; sourceTree = BUILT_PRODUCTS_DIR; };
		C0E31FFD1AC5A3340046EDA0 /* Info.plist */ = {isa = PBXFileReference; lastKnownFileType = text.plist.xml; path = Info.plist; sourceTree = "<group>"; };
		C0E31FFE1AC5A3340046EDA0 /* simulator_installerTests.swift */ = {isa = PBXFileReference; lastKnownFileType = sourcecode.swift; path = simulator_installerTests.swift; sourceTree = "<group>"; };
/* End PBXFileReference section */

/* Begin PBXFrameworksBuildPhase section */
		C0E31FE51AC5A3340046EDA0 /* Frameworks */ = {
			isa = PBXFrameworksBuildPhase;
			buildActionMask = 2147483647;
			files = (
			);
			runOnlyForDeploymentPostprocessing = 0;
		};
		C0E31FF51AC5A3340046EDA0 /* Frameworks */ = {
			isa = PBXFrameworksBuildPhase;
			buildActionMask = 2147483647;
			files = (
			);
			runOnlyForDeploymentPostprocessing = 0;
		};
/* End PBXFrameworksBuildPhase section */

/* Begin PBXGroup section */
		C0E31FDF1AC5A3340046EDA0 = {
			isa = PBXGroup;
			children = (
				C0E31FEA1AC5A3340046EDA0 /* simulator-installer */,
				C0E31FFB1AC5A3340046EDA0 /* simulator-installerTests */,
				C0E31FE91AC5A3340046EDA0 /* Products */,
			);
			sourceTree = "<group>";
		};
		C0E31FE91AC5A3340046EDA0 /* Products */ = {
			isa = PBXGroup;
			children = (
				C0E31FE81AC5A3340046EDA0 /* simulator-installer.app */,
				C0E31FF81AC5A3340046EDA0 /* simulator-installerTests.xctest */,
			);
			name = Products;
			sourceTree = "<group>";
		};
		C0E31FEA1AC5A3340046EDA0 /* simulator-installer */ = {
			isa = PBXGroup;
			children = (
				C0E31FED1AC5A3340046EDA0 /* AppDelegate.swift */,
				C0E31FEF1AC5A3340046EDA0 /* Images.xcassets */,
				C0E31FF11AC5A3340046EDA0 /* MainMenu.xib */,
				C0E31FEB1AC5A3340046EDA0 /* Supporting Files */,
			);
			path = "simulator-installer";
			sourceTree = "<group>";
		};
		C0E31FEB1AC5A3340046EDA0 /* Supporting Files */ = {
			isa = PBXGroup;
			children = (
				C0E31FEC1AC5A3340046EDA0 /* Info.plist */,
			);
			name = "Supporting Files";
			sourceTree = "<group>";
		};
		C0E31FFB1AC5A3340046EDA0 /* simulator-installerTests */ = {
			isa = PBXGroup;
			children = (
				C0E31FFE1AC5A3340046EDA0 /* simulator_installerTests.swift */,
				C0E31FFC1AC5A3340046EDA0 /* Supporting Files */,
			);
			path = "simulator-installerTests";
			sourceTree = "<group>";
		};
		C0E31FFC1AC5A3340046EDA0 /* Supporting Files */ = {
			isa = PBXGroup;
			children = (
				C0E31FFD1AC5A3340046EDA0 /* Info.plist */,
			);
			name = "Supporting Files";
			sourceTree = "<group>";
		};
/* End PBXGroup section */

/* Begin PBXNativeTarget section */
		C0E31FE71AC5A3340046EDA0 /* simulator-installer */ = {
			isa = PBXNativeTarget;
			buildConfigurationList = C0E320021AC5A3340046EDA0 /* Build configuration list for PBXNativeTarget "simulator-installer" */;
			buildPhases = (
				C0E31FE41AC5A3340046EDA0 /* Sources */,
				C0E31FE51AC5A3340046EDA0 /* Frameworks */,
				C0E31FE61AC5A3340046EDA0 /* Resources */,
			);
			buildRules = (
			);
			dependencies = (
			);
			name = "simulator-installer";
			productName = "simulator-installer";
			productReference = C0E31FE81AC5A3340046EDA0 /* simulator-installer.app */;
			productType = "com.apple.product-type.application";
		};
		C0E31FF71AC5A3340046EDA0 /* simulator-installerTests */ = {
			isa = PBXNativeTarget;
			buildConfigurationList = C0E320051AC5A3340046EDA0 /* Build configuration list for PBXNativeTarget "simulator-installerTests" */;
			buildPhases = (
				C0E31FF41AC5A3340046EDA0 /* Sources */,
				C0E31FF51AC5A3340046EDA0 /* Frameworks */,
				C0E31FF61AC5A3340046EDA0 /* Resources */,
			);
			buildRules = (
			);
			dependencies = (
				C0E31FFA1AC5A3340046EDA0 /* PBXTargetDependency */,
			);
			name = "simulator-installerTests";
			productName = "simulator-installerTests";
			productReference = C0E31FF81AC5A3340046EDA0 /* simulator-installerTests.xctest */;
			productType = "com.apple.product-type.bundle.unit-test";
		};
/* End PBXNativeTarget section */

/* Begin PBXProject section */
		C0E31FE01AC5A3340046EDA0 /* Project object */ = {
			isa = PBXProject;
			attributes = {
				LastUpgradeCheck = 0620;
				ORGANIZATIONNAME = ShopKeep;
				TargetAttributes = {
					C0E31FE71AC5A3340046EDA0 = {
						CreatedOnToolsVersion = 6.2;
					};
					C0E31FF71AC5A3340046EDA0 = {
						CreatedOnToolsVersion = 6.2;
						TestTargetID = C0E31FE71AC5A3340046EDA0;
					};
				};
			};
			buildConfigurationList = C0E31FE31AC5A3340046EDA0 /* Build configuration list for PBXProject "simulator-installer" */;
			compatibilityVersion = "Xcode 3.2";
			developmentRegion = English;
			hasScannedForEncodings = 0;
			knownRegions = (
				en,
				Base,
			);
			mainGroup = C0E31FDF1AC5A3340046EDA0;
			productRefGroup = C0E31FE91AC5A3340046EDA0 /* Products */;
			projectDirPath = "";
			projectRoot = "";
			targets = (
				C0E31FE71AC5A3340046EDA0 /* simulator-installer */,
				C0E31FF71AC5A3340046EDA0 /* simulator-installerTests */,
			);
		};
/* End PBXProject section */

/* Begin PBXResourcesBuildPhase section */
		C0E31FE61AC5A3340046EDA0 /* Resources */ = {
			isa = PBXResourcesBuildPhase;
			buildActionMask = 2147483647;
			files = (
				C0E31FF01AC5A3340046EDA0 /* Images.xcassets in Resources */,
				C0E31FF31AC5A3340046EDA0 /* MainMenu.xib in Resources */,
			);
			runOnlyForDeploymentPostprocessing = 0;
		};
		C0E31FF61AC5A3340046EDA0 /* Resources */ = {
			isa = PBXResourcesBuildPhase;
			buildActionMask = 2147483647;
			files = (
			);
			runOnlyForDeploymentPostprocessing = 0;
		};
/* End PBXResourcesBuildPhase section */

/* Begin PBXSourcesBuildPhase section */
		C0E31FE41AC5A3340046EDA0 /* Sources */ = {
			isa = PBXSourcesBuildPhase;
			buildActionMask = 2147483647;
			files = (
				C0E31FEE1AC5A3340046EDA0 /* AppDelegate.swift in Sources */,
			);
			runOnlyForDeploymentPostprocessing = 0;
		};
		C0E31FF41AC5A3340046EDA0 /* Sources */ = {
			isa = PBXSourcesBuildPhase;
			buildActionMask = 2147483647;
			files = (
				C0E31FFF1AC5A3340046EDA0 /* simulator_installerTests.swift in Sources */,
			);
			runOnlyForDeploymentPostprocessing = 0;
		};
/* End PBXSourcesBuildPhase section */

/* Begin PBXTargetDependency section */
		C0E31FFA1AC5A3340046EDA0 /* PBXTargetDependency */ = {
			isa = PBXTargetDependency;
			target = C0E31FE71AC5A3340046EDA0 /* simulator-installer */;
			targetProxy = C0E31FF91AC5A3340046EDA0 /* PBXContainerItemProxy */;
		};
/* End PBXTargetDependency section */

/* Begin PBXVariantGroup section */
		C0E31FF11AC5A3340046EDA0 /* MainMenu.xib */ = {
			isa = PBXVariantGroup;
			children = (
				C0E31FF21AC5A3340046EDA0 /* Base */,
			);
			name = MainMenu.xib;
			sourceTree = "<group>";
		};
/* End PBXVariantGroup section */

/* Begin XCBuildConfiguration section */
		C0E320001AC5A3340046EDA0 /* Debug */ = {
			isa = XCBuildConfiguration;
			buildSettings = {
				ALWAYS_SEARCH_USER_PATHS = NO;
				CLANG_CXX_LANGUAGE_STANDARD = "gnu++0x";
				CLANG_CXX_LIBRARY = "libc++";
				CLANG_ENABLE_MODULES = YES;
				CLANG_ENABLE_OBJC_ARC = YES;
				CLANG_WARN_BOOL_CONVERSION = YES;
				CLANG_WARN_CONSTANT_CONVERSION = YES;
				CLANG_WARN_DIRECT_OBJC_ISA_USAGE = YES_ERROR;
				CLANG_WARN_EMPTY_BODY = YES;
				CLANG_WARN_ENUM_CONVERSION = YES;
				CLANG_WARN_INT_CONVERSION = YES;
				CLANG_WARN_OBJC_ROOT_CLASS = YES_ERROR;
				CLANG_WARN_UNREACHABLE_CODE = YES;
				CLANG_WARN__DUPLICATE_METHOD_MATCH = YES;
				CODE_SIGN_IDENTITY = "-";
				COPY_PHASE_STRIP = NO;
				ENABLE_STRICT_OBJC_MSGSEND = YES;
				GCC_C_LANGUAGE_STANDARD = gnu99;
				GCC_DYNAMIC_NO_PIC = NO;
				GCC_OPTIMIZATION_LEVEL = 0;
				GCC_PREPROCESSOR_DEFINITIONS = (
					"DEBUG=1",
					"$(inherited)",
				);
				GCC_SYMBOLS_PRIVATE_EXTERN = NO;
				GCC_WARN_64_TO_32_BIT_CONVERSION = YES;
				GCC_WARN_ABOUT_RETURN_TYPE = YES_ERROR;
				GCC_WARN_UNDECLARED_SELECTOR = YES;
				GCC_WARN_UNINITIALIZED_AUTOS = YES_AGGRESSIVE;
				GCC_WARN_UNUSED_FUNCTION = YES;
				GCC_WARN_UNUSED_VARIABLE = YES;
				MACOSX_DEPLOYMENT_TARGET = 10.10;
				MTL_ENABLE_DEBUG_INFO = YES;
				ONLY_ACTIVE_ARCH = YES;
				SDKROOT = macosx;
				SWIFT_OPTIMIZATION_LEVEL = "-Onone";
			};
			name = Debug;
		};
		C0E320011AC5A3340046EDA0 /* Release */ = {
			isa = XCBuildConfiguration;
			buildSettings = {
				ALWAYS_SEARCH_USER_PATHS = NO;
				CLANG_CXX_LANGUAGE_STANDARD = "gnu++0x";
				CLANG_CXX_LIBRARY = "libc++";
				CLANG_ENABLE_MODULES = YES;
				CLANG_ENABLE_OBJC_ARC = YES;
				CLANG_WARN_BOOL_CONVERSION = YES;
				CLANG_WARN_CONSTANT_CONVERSION = YES;
				CLANG_WARN_DIRECT_OBJC_ISA_USAGE = YES_ERROR;
				CLANG_WARN_EMPTY_BODY = YES;
				CLANG_WARN_ENUM_CONVERSION = YES;
				CLANG_WARN_INT_CONVERSION = YES;
				CLANG_WARN_OBJC_ROOT_CLASS = YES_ERROR;
				CLANG_WARN_UNREACHABLE_CODE = YES;
				CLANG_WARN__DUPLICATE_METHOD_MATCH = YES;
				CODE_SIGN_IDENTITY = "-";
				COPY_PHASE_STRIP = NO;
				DEBUG_INFORMATION_FORMAT = "dwarf-with-dsym";
				ENABLE_NS_ASSERTIONS = NO;
				ENABLE_STRICT_OBJC_MSGSEND = YES;
				GCC_C_LANGUAGE_STANDARD = gnu99;
				GCC_WARN_64_TO_32_BIT_CONVERSION = YES;
				GCC_WARN_ABOUT_RETURN_TYPE = YES_ERROR;
				GCC_WARN_UNDECLARED_SELECTOR = YES;
				GCC_WARN_UNINITIALIZED_AUTOS = YES_AGGRESSIVE;
				GCC_WARN_UNUSED_FUNCTION = YES;
				GCC_WARN_UNUSED_VARIABLE = YES;
				MACOSX_DEPLOYMENT_TARGET = 10.10;
				MTL_ENABLE_DEBUG_INFO = NO;
				SDKROOT = macosx;
			};
			name = Release;
		};
		C0E320031AC5A3340046EDA0 /* Debug */ = {
			isa = XCBuildConfiguration;
			buildSettings = {
				ASSETCATALOG_COMPILER_APPICON_NAME = AppIcon;
				COMBINE_HIDPI_IMAGES = YES;
				INFOPLIST_FILE = "simulator-installer/Info.plist";
				LD_RUNPATH_SEARCH_PATHS = "$(inherited) @executable_path/../Frameworks";
				PRODUCT_NAME = "$(TARGET_NAME)";
			};
			name = Debug;
		};
		C0E320041AC5A3340046EDA0 /* Release */ = {
			isa = XCBuildConfiguration;
			buildSettings = {
				ASSETCATALOG_COMPILER_APPICON_NAME = AppIcon;
				COMBINE_HIDPI_IMAGES = YES;
				INFOPLIST_FILE = "simulator-installer/Info.plist";
				LD_RUNPATH_SEARCH_PATHS = "$(inherited) @executable_path/../Frameworks";
				PRODUCT_NAME = "$(TARGET_NAME)";
			};
			name = Release;
		};
		C0E320061AC5A3340046EDA0 /* Debug */ = {
			isa = XCBuildConfiguration;
			buildSettings = {
				BUNDLE_LOADER = "$(TEST_HOST)";
				COMBINE_HIDPI_IMAGES = YES;
				FRAMEWORK_SEARCH_PATHS = (
					"$(DEVELOPER_FRAMEWORKS_DIR)",
					"$(inherited)",
				);
				GCC_PREPROCESSOR_DEFINITIONS = (
					"DEBUG=1",
					"$(inherited)",
				);
				INFOPLIST_FILE = "simulator-installerTests/Info.plist";
				LD_RUNPATH_SEARCH_PATHS = "$(inherited) @executable_path/../Frameworks @loader_path/../Frameworks";
				PRODUCT_NAME = "$(TARGET_NAME)";
				TEST_HOST = "$(BUILT_PRODUCTS_DIR)/simulator-installer.app/Contents/MacOS/simulator-installer";
			};
			name = Debug;
		};
		C0E320071AC5A3340046EDA0 /* Release */ = {
			isa = XCBuildConfiguration;
			buildSettings = {
				BUNDLE_LOADER = "$(TEST_HOST)";
				COMBINE_HIDPI_IMAGES = YES;
				FRAMEWORK_SEARCH_PATHS = (
					"$(DEVELOPER_FRAMEWORKS_DIR)",
					"$(inherited)",
				);
				INFOPLIST_FILE = "simulator-installerTests/Info.plist";
				LD_RUNPATH_SEARCH_PATHS = "$(inherited) @executable_path/../Frameworks @loader_path/../Frameworks";
				PRODUCT_NAME = "$(TARGET_NAME)";
				TEST_HOST = "$(BUILT_PRODUCTS_DIR)/simulator-installer.app/Contents/MacOS/simulator-installer";
			};
			name = Release;
		};
/* End XCBuildConfiguration section */

/* Begin XCConfigurationList section */
		C0E31FE31AC5A3340046EDA0 /* Build configuration list for PBXProject "simulator-installer" */ = {
			isa = XCConfigurationList;
			buildConfigurations = (
				C0E320001AC5A3340046EDA0 /* Debug */,
				C0E320011AC5A3340046EDA0 /* Release */,
			);
			defaultConfigurationIsVisible = 0;
			defaultConfigurationName = Release;
		};
		C0E320021AC5A3340046EDA0 /* Build configuration list for PBXNativeTarget "simulator-installer" */ = {
			isa = XCConfigurationList;
			buildConfigurations = (
				C0E320031AC5A3340046EDA0 /* Debug */,
				C0E320041AC5A3340046EDA0 /* Release */,
			);
			defaultConfigurationIsVisible = 0;
			defaultConfigurationName = Release;
		};
		C0E320051AC5A3340046EDA0 /* Build configuration list for PBXNativeTarget "simulator-installerTests" */ = {
			isa = XCConfigurationList;
			buildConfigurations = (
				C0E320061AC5A3340046EDA0 /* Debug */,
				C0E320071AC5A3340046EDA0 /* Release */,
			);
			defaultConfigurationIsVisible = 0;
			defaultConfigurationName = Release;
		};
/* End XCConfigurationList section */
	};
	rootObject = C0E31FE01AC5A3340046EDA0 /* Project object */;
}
